
Microsoft Visual Studio Solution File, Format Version 12.00
# Visual Studio Version 16
VisualStudioVersion = 16.0.30621.155
MinimumVisualStudioVersion = 10.0.40219.1
Project("{FAE04EC0-301F-11D3-BF4B-00C04F79EFBC}") = "website_picture", "website_picture.csproj", "{396A9A24-88C0-4C74-A92C-CC545A03AF34}"
EndProject
Global
	GlobalSection(SolutionConfigurationPlatforms) = preSolution
		Debug|Any CPU = Debug|Any CPU
		Release|Any CPU = Release|Any CPU
	EndGlobalSection
	GlobalSection(ProjectConfigurationPlatforms) = postSolution
		{396A9A24-88C0-4C74-A92C-CC545A03AF34}.Debug|Any CPU.ActiveCfg = Debug|Any CPU
		{396A9A24-88C0-4C74-A92C-CC545A03AF34}.Debug|Any CPU.Build.0 = Debug|Any CPU
		{396A9A24-88C0-4C74-A92C-CC545A03AF34}.Release|Any CPU.ActiveCfg = Release|Any CPU
		{396A9A24-88C0-4C74-A92C-CC545A03AF34}.Release|Any CPU.Build.0 = Release|Any CPU
	EndGlobalSection
	GlobalSection(SolutionProperties) = preSolution
		HideSolutionNode = FALSE
	EndGlobalSection
	GlobalSection(ExtensibilityGlobals) = postSolution
		SolutionGuid = {EFFB96F0-B452-4200-90B6-1F0E6331ED48}
	EndGlobalSection
EndGlobal
